// !$*UTF8*$!
{
	archiveVersion = 1;
	classes = {
	};
	objectVersion = 56;
	objects = {

/* Begin PBXBuildFile section */
		BF27BD9E2ADF7988002A58D6 /* LYLib.docc in Sources */ = {isa = PBXBuildFile; fileRef = BF27BD9D2ADF7988002A58D6 /* LYLib.docc */; };
		BF27BDA42ADF7988002A58D6 /* LYLib.framework in Frameworks */ = {isa = PBXBuildFile; fileRef = BF27BD992ADF7988002A58D6 /* LYLib.framework */; };
		BF27BDA92ADF7988002A58D6 /* LYLibTests.swift in Sources */ = {isa = PBXBuildFile; fileRef = BF27BDA82ADF7988002A58D6 /* LYLibTests.swift */; };
		BF27BDAA2ADF7988002A58D6 /* LYLib.h in Headers */ = {isa = PBXBuildFile; fileRef = BF27BD9C2ADF7988002A58D6 /* LYLib.h */; settings = {ATTRIBUTES = (Public, ); }; };
		BFB326AF2ADF8097005D12FB /* LYLibTestViewController.swift in Sources */ = {isa = PBXBuildFile; fileRef = BFB326AE2ADF8097005D12FB /* LYLibTestViewController.swift */; };
/* End PBXBuildFile section */

/* Begin PBXContainerItemProxy section */
		BF27BDA52ADF7988002A58D6 /* PBXContainerItemProxy */ = {
			isa = PBXContainerItemProxy;
			containerPortal = BF27BD902ADF7988002A58D6 /* Project object */;
			proxyType = 1;
			remoteGlobalIDString = BF27BD982ADF7988002A58D6;
			remoteInfo = LYLib;
		};
/* End PBXContainerItemProxy section */

/* Begin PBXFileReference section */
		BF27BD992ADF7988002A58D6 /* LYLib.framework */ = {isa = PBXFileReference; explicitFileType = wrapper.framework; includeInIndex = 0; path = LYLib.framework; sourceTree = BUILT_PRODUCTS_DIR; };
		BF27BD9C2ADF7988002A58D6 /* LYLib.h */ = {isa = PBXFileReference; lastKnownFileType = sourcecode.c.h; path = LYLib.h; sourceTree = "<group>"; };
		BF27BD9D2ADF7988002A58D6 /* LYLib.docc */ = {isa = PBXFileReference; lastKnownFileType = folder.documentationcatalog; path = LYLib.docc; sourceTree = "<group>"; };
		BF27BDA32ADF7988002A58D6 /* LYLibTests.xctest */ = {isa = PBXFileReference; explicitFileType = wrapper.cfbundle; includeInIndex = 0; path = LYLibTests.xctest; sourceTree = BUILT_PRODUCTS_DIR; };
		BF27BDA82ADF7988002A58D6 /* LYLibTests.swift */ = {isa = PBXFileReference; lastKnownFileType = sourcecode.swift; path = LYLibTests.swift; sourceTree = "<group>"; };
		BFB326AE2ADF8097005D12FB /* LYLibTestViewController.swift */ = {isa = PBXFileReference; lastKnownFileType = sourcecode.swift; path = LYLibTestViewController.swift; sourceTree = "<group>"; };
/* End PBXFileReference section */

/* Begin PBXFrameworksBuildPhase section */
		BF27BD962ADF7988002A58D6 /* Frameworks */ = {
			isa = PBXFrameworksBuildPhase;
			buildActionMask = 2147483647;
			files = (
			);
			runOnlyForDeploymentPostprocessing = 0;
		};
		BF27BDA02ADF7988002A58D6 /* Frameworks */ = {
			isa = PBXFrameworksBuildPhase;
			buildActionMask = 2147483647;
			files = (
				BF27BDA42ADF7988002A58D6 /* LYLib.framework in Frameworks */,
			);
			runOnlyForDeploymentPostprocessing = 0;
		};
/* End PBXFrameworksBuildPhase section */

/* Begin PBXGroup section */
		BF27BD8F2ADF7988002A58D6 = {
			isa = PBXGroup;
			children = (
				BF27BD9B2ADF7988002A58D6 /* LYLib */,
				BF27BDA72ADF7988002A58D6 /* LYLibTests */,
				BF27BD9A2ADF7988002A58D6 /* Products */,
			);
			sourceTree = "<group>";
		};
		BF27BD9A2ADF7988002A58D6 /* Products */ = {
			isa = PBXGroup;
			children = (
				BF27BD992ADF7988002A58D6 /* LYLib.framework */,
				BF27BDA32ADF7988002A58D6 /* LYLibTests.xctest */,
			);
			name = Products;
			sourceTree = "<group>";
		};
		BF27BD9B2ADF7988002A58D6 /* LYLib */ = {
			isa = PBXGroup;
			children = (
				BF27BD9C2ADF7988002A58D6 /* LYLib.h */,
				BF27BD9D2ADF7988002A58D6 /* LYLib.docc */,
				BFB326AE2ADF8097005D12FB /* LYLibTestViewController.swift */,
			);
			path = LYLib;
			sourceTree = "<group>";
		};
		BF27BDA72ADF7988002A58D6 /* LYLibTests */ = {
			isa = PBXGroup;
			children = (
				BF27BDA82ADF7988002A58D6 /* LYLibTests.swift */,
			);
			path = LYLibTests;
			sourceTree = "<group>";
		};
/* End PBXGroup section */

/* Begin PBXHeadersBuildPhase section */
		BF27BD942ADF7988002A58D6 /* Headers */ = {
			isa = PBXHeadersBuildPhase;
			buildActionMask = 2147483647;
			files = (
				BF27BDAA2ADF7988002A58D6 /* LYLib.h in Headers */,
			);
			runOnlyForDeploymentPostprocessing = 0;
		};
/* End PBXHeadersBuildPhase section */

/* Begin PBXNativeTarget section */
		BF27BD982ADF7988002A58D6 /* LYLib */ = {
			isa = PBXNativeTarget;
			buildConfigurationList = BF27BDAD2ADF7988002A58D6 /* Build configuration list for PBXNativeTarget "LYLib" */;
			buildPhases = (
				BF27BD942ADF7988002A58D6 /* Headers */,
				BF27BD952ADF7988002A58D6 /* Sources */,
				BF27BD962ADF7988002A58D6 /* Frameworks */,
				BF27BD972ADF7988002A58D6 /* Resources */,
				BF27BDBC2ADF7A2F002A58D6 /* ShellScript */,
			);
			buildRules = (
			);
			dependencies = (
			);
			name = LYLib;
			productName = LYLib;
			productReference = BF27BD992ADF7988002A58D6 /* LYLib.framework */;
			productType = "com.apple.product-type.framework";
		};
		BF27BDA22ADF7988002A58D6 /* LYLibTests */ = {
			isa = PBXNativeTarget;
			buildConfigurationList = BF27BDB02ADF7988002A58D6 /* Build configuration list for PBXNativeTarget "LYLibTests" */;
			buildPhases = (
				BF27BD9F2ADF7988002A58D6 /* Sources */,
				BF27BDA02ADF7988002A58D6 /* Frameworks */,
				BF27BDA12ADF7988002A58D6 /* Resources */,
			);
			buildRules = (
			);
			dependencies = (
				BF27BDA62ADF7988002A58D6 /* PBXTargetDependency */,
			);
			name = LYLibTests;
			productName = LYLibTests;
			productReference = BF27BDA32ADF7988002A58D6 /* LYLibTests.xctest */;
			productType = "com.apple.product-type.bundle.unit-test";
		};
/* End PBXNativeTarget section */

/* Begin PBXProject section */
		BF27BD902ADF7988002A58D6 /* Project object */ = {
			isa = PBXProject;
			attributes = {
				BuildIndependentTargetsInParallel = 1;
				LastSwiftUpdateCheck = 1500;
				LastUpgradeCheck = 1500;
				TargetAttributes = {
					BF27BD982ADF7988002A58D6 = {
						CreatedOnToolsVersion = 15.0;
					};
					BF27BDA22ADF7988002A58D6 = {
						CreatedOnToolsVersion = 15.0;
					};
				};
			};
			buildConfigurationList = BF27BD932ADF7988002A58D6 /* Build configuration list for PBXProject "LYLib" */;
			compatibilityVersion = "Xcode 14.0";
			developmentRegion = en;
			hasScannedForEncodings = 0;
			knownRegions = (
				en,
				Base,
			);
			mainGroup = BF27BD8F2ADF7988002A58D6;
			productRefGroup = BF27BD9A2ADF7988002A58D6 /* Products */;
			projectDirPath = "";
			projectRoot = "";
			targets = (
				BF27BD982ADF7988002A58D6 /* LYLib */,
				BF27BDA22ADF7988002A58D6 /* LYLibTests */,
			);
		};
/* End PBXProject section */

/* Begin PBXResourcesBuildPhase section */
		BF27BD972ADF7988002A58D6 /* Resources */ = {
			isa = PBXResourcesBuildPhase;
			buildActionMask = 2147483647;
			files = (
			);
			runOnlyForDeploymentPostprocessing = 0;
		};
		BF27BDA12ADF7988002A58D6 /* Resources */ = {
			isa = PBXResourcesBuildPhase;
			buildActionMask = 2147483647;
			files = (
			);
			runOnlyForDeploymentPostprocessing = 0;
		};
/* End PBXResourcesBuildPhase section */

/* Begin PBXShellScriptBuildPhase section */
		BF27BDBC2ADF7A2F002A58D6 /* ShellScript */ = {
			isa = PBXShellScriptBuildPhase;
			buildActionMask = 2147483647;
			files = (
			);
			inputFileListPaths = (
			);
			inputPaths = (
			);
			outputFileListPaths = (
			);
			outputPaths = (
			);
			runOnlyForDeploymentPostprocessing = 0;
			shellPath = /bin/sh;
			shellScript = "# Type a script or drag a script file from your workspace to insert its path.\n";
		};
/* End PBXShellScriptBuildPhase section */

/* Begin PBXSourcesBuildPhase section */
		BF27BD952ADF7988002A58D6 /* Sources */ = {
			isa = PBXSourcesBuildPhase;
			buildActionMask = 2147483647;
			files = (
				BF27BD9E2ADF7988002A58D6 /* LYLib.docc in Sources */,
				BFB326AF2ADF8097005D12FB /* LYLibTestViewController.swift in Sources */,
			);
			runOnlyForDeploymentPostprocessing = 0;
		};
		BF27BD9F2ADF7988002A58D6 /* Sources */ = {
			isa = PBXSourcesBuildPhase;
			buildActionMask = 2147483647;
			files = (
				BF27BDA92ADF7988002A58D6 /* LYLibTests.swift in Sources */,
			);
			runOnlyForDeploymentPostprocessing = 0;
		};
/* End PBXSourcesBuildPhase section */

/* Begin PBXTargetDependency section */
		BF27BDA62ADF7988002A58D6 /* PBXTargetDependency */ = {
			isa = PBXTargetDependency;
			target = BF27BD982ADF7988002A58D6 /* LYLib */;
			targetProxy = BF27BDA52ADF7988002A58D6 /* PBXContainerItemProxy */;
		};
/* End PBXTargetDependency section */

/* Begin XCBuildConfiguration section */
		BF27BDAB2ADF7988002A58D6 /* Debug */ = {
			isa = XCBuildConfiguration;
			buildSettings = {
				ALWAYS_SEARCH_USER_PATHS = NO;
				ASSETCATALOG_COMPILER_GENERATE_SWIFT_ASSET_SYMBOL_EXTENSIONS = YES;
				CLANG_ANALYZER_NONNULL = YES;
				CLANG_ANALYZER_NUMBER_OBJECT_CONVERSION = YES_AGGRESSIVE;
				CLANG_CXX_LANGUAGE_STANDARD = "gnu++20";
				CLANG_ENABLE_MODULES = YES;
				CLANG_ENABLE_OBJC_ARC = YES;
				CLANG_ENABLE_OBJC_WEAK = YES;
				CLANG_WARN_BLOCK_CAPTURE_AUTORELEASING = YES;
				CLANG_WARN_BOOL_CONVERSION = YES;
				CLANG_WARN_COMMA = YES;
				CLANG_WARN_CONSTANT_CONVERSION = YES;
				CLANG_WARN_DEPRECATED_OBJC_IMPLEMENTATIONS = YES;
				CLANG_WARN_DIRECT_OBJC_ISA_USAGE = YES_ERROR;
				CLANG_WARN_DOCUMENTATION_COMMENTS = YES;
				CLANG_WARN_EMPTY_BODY = YES;
				CLANG_WARN_ENUM_CONVERSION = YES;
				CLANG_WARN_INFINITE_RECURSION = YES;
				CLANG_WARN_INT_CONVERSION = YES;
				CLANG_WARN_NON_LITERAL_NULL_CONVERSION = YES;
				CLANG_WARN_OBJC_IMPLICIT_RETAIN_SELF = YES;
				CLANG_WARN_OBJC_LITERAL_CONVERSION = YES;
				CLANG_WARN_OBJC_ROOT_CLASS = YES_ERROR;
				CLANG_WARN_QUOTED_INCLUDE_IN_FRAMEWORK_HEADER = YES;
				CLANG_WARN_RANGE_LOOP_ANALYSIS = YES;
				CLANG_WARN_STRICT_PROTOTYPES = YES;
				CLANG_WARN_SUSPICIOUS_MOVE = YES;
				CLANG_WARN_UNGUARDED_AVAILABILITY = YES_AGGRESSIVE;
				CLANG_WARN_UNREACHABLE_CODE = YES;
				CLANG_WARN__DUPLICATE_METHOD_MATCH = YES;
				COPY_PHASE_STRIP = NO;
				CURRENT_PROJECT_VERSION = 1;
				DEBUG_INFORMATION_FORMAT = dwarf;
				ENABLE_STRICT_OBJC_MSGSEND = YES;
				ENABLE_TESTABILITY = YES;
				ENABLE_USER_SCRIPT_SANDBOXING = YES;
				GCC_C_LANGUAGE_STANDARD = gnu17;
				GCC_DYNAMIC_NO_PIC = NO;
				GCC_NO_COMMON_BLOCKS = YES;
				GCC_OPTIMIZATION_LEVEL = 0;
				GCC_PREPROCESSOR_DEFINITIONS = (
					"DEBUG=1",
					"$(inherited)",
				);
				GCC_WARN_64_TO_32_BIT_CONVERSION = YES;
				GCC_WARN_ABOUT_RETURN_TYPE = YES_ERROR;
				GCC_WARN_UNDECLARED_SELECTOR = YES;
				GCC_WARN_UNINITIALIZED_AUTOS = YES_AGGRESSIVE;
				GCC_WARN_UNUSED_FUNCTION = YES;
				GCC_WARN_UNUSED_VARIABLE = YES;
				IPHONEOS_DEPLOYMENT_TARGET = 17.0;
				LOCALIZATION_PREFERS_STRING_CATALOGS = YES;
				MTL_ENABLE_DEBUG_INFO = INCLUDE_SOURCE;
				MTL_FAST_MATH = YES;
				ONLY_ACTIVE_ARCH = YES;
				SDKROOT = iphoneos;
				SWIFT_ACTIVE_COMPILATION_CONDITIONS = "DEBUG $(inherited)";
				SWIFT_OPTIMIZATION_LEVEL = "-Onone";
				VERSIONING_SYSTEM = "apple-generic";
				VERSION_INFO_PREFIX = "";
			};
			name = Debug;
		};
		BF27BDAC2ADF7988002A58D6 /* Release */ = {
			isa = XCBuildConfiguration;
			buildSettings = {
				ALWAYS_SEARCH_USER_PATHS = NO;
				ASSETCATALOG_COMPILER_GENERATE_SWIFT_ASSET_SYMBOL_EXTENSIONS = YES;
				CLANG_ANALYZER_NONNULL = YES;
				CLANG_ANALYZER_NUMBER_OBJECT_CONVERSION = YES_AGGRESSIVE;
				CLANG_CXX_LANGUAGE_STANDARD = "gnu++20";
				CLANG_ENABLE_MODULES = YES;
				CLANG_ENABLE_OBJC_ARC = YES;
				CLANG_ENABLE_OBJC_WEAK = YES;
				CLANG_WARN_BLOCK_CAPTURE_AUTORELEASING = YES;
				CLANG_WARN_BOOL_CONVERSION = YES;
				CLANG_WARN_COMMA = YES;
				CLANG_WARN_CONSTANT_CONVERSION = YES;
				CLANG_WARN_DEPRECATED_OBJC_IMPLEMENTATIONS = YES;
				CLANG_WARN_DIRECT_OBJC_ISA_USAGE = YES_ERROR;
				CLANG_WARN_DOCUMENTATION_COMMENTS = YES;
				CLANG_WARN_EMPTY_BODY = YES;
				CLANG_WARN_ENUM_CONVERSION = YES;
				CLANG_WARN_INFINITE_RECURSION = YES;
				CLANG_WARN_INT_CONVERSION = YES;
				CLANG_WARN_NON_LITERAL_NULL_CONVERSION = YES;
				CLANG_WARN_OBJC_IMPLICIT_RETAIN_SELF = YES;
				CLANG_WARN_OBJC_LITERAL_CONVERSION = YES;
				CLANG_WARN_OBJC_ROOT_CLASS = YES_ERROR;
				CLANG_WARN_QUOTED_INCLUDE_IN_FRAMEWORK_HEADER = YES;
				CLANG_WARN_RANGE_LOOP_ANALYSIS = YES;
				CLANG_WARN_STRICT_PROTOTYPES = YES;
				CLANG_WARN_SUSPICIOUS_MOVE = YES;
				CLANG_WARN_UNGUARDED_AVAILABILITY = YES_AGGRESSIVE;
				CLANG_WARN_UNREACHABLE_CODE = YES;
				CLANG_WARN__DUPLICATE_METHOD_MATCH = YES;
				COPY_PHASE_STRIP = NO;
				CURRENT_PROJECT_VERSION = 1;
				DEBUG_INFORMATION_FORMAT = "dwarf-with-dsym";
				ENABLE_NS_ASSERTIONS = NO;
				ENABLE_STRICT_OBJC_MSGSEND = YES;
				ENABLE_USER_SCRIPT_SANDBOXING = YES;
				GCC_C_LANGUAGE_STANDARD = gnu17;
				GCC_NO_COMMON_BLOCKS = YES;
				GCC_WARN_64_TO_32_BIT_CONVERSION = YES;
				GCC_WARN_ABOUT_RETURN_TYPE = YES_ERROR;
				GCC_WARN_UNDECLARED_SELECTOR = YES;
				GCC_WARN_UNINITIALIZED_AUTOS = YES_AGGRESSIVE;
				GCC_WARN_UNUSED_FUNCTION = YES;
				GCC_WARN_UNUSED_VARIABLE = YES;
				IPHONEOS_DEPLOYMENT_TARGET = 17.0;
				LOCALIZATION_PREFERS_STRING_CATALOGS = YES;
				MTL_ENABLE_DEBUG_INFO = NO;
				MTL_FAST_MATH = YES;
				SDKROOT = iphoneos;
				SWIFT_COMPILATION_MODE = wholemodule;
				VALIDATE_PRODUCT = YES;
				VERSIONING_SYSTEM = "apple-generic";
				VERSION_INFO_PREFIX = "";
			};
			name = Release;
		};
		BF27BDAE2ADF7988002A58D6 /* Debug */ = {
			isa = XCBuildConfiguration;
			buildSettings = {
				CODE_SIGN_STYLE = Automatic;
				CURRENT_PROJECT_VERSION = 1;
				DEFINES_MODULE = YES;
				DEVELOPMENT_TEAM = 8GCH357V29;
				DYLIB_COMPATIBILITY_VERSION = 1;
				DYLIB_CURRENT_VERSION = 1;
				DYLIB_INSTALL_NAME_BASE = "@rpath";
				ENABLE_MODULE_VERIFIER = YES;
				GENERATE_INFOPLIST_FILE = YES;
				INFOPLIST_KEY_NSHumanReadableCopyright = "";
				INSTALL_PATH = "$(LOCAL_LIBRARY_DIR)/Frameworks";
				IPHONEOS_DEPLOYMENT_TARGET = 12.0;
				LD_RUNPATH_SEARCH_PATHS = (
					"$(inherited)",
					"@executable_path/Frameworks",
					"@loader_path/Frameworks",
				);
				MARKETING_VERSION = 1.0;
				MODULE_VERIFIER_SUPPORTED_LANGUAGES = "objective-c objective-c++";
				MODULE_VERIFIER_SUPPORTED_LANGUAGE_STANDARDS = "gnu17 gnu++20";
				PRODUCT_BUNDLE_IDENTIFIER = com.he.LYLib;
				PRODUCT_NAME = "$(TARGET_NAME:c99extidentifier)";
				SKIP_INSTALL = YES;
				SWIFT_EMIT_LOC_STRINGS = YES;
				SWIFT_VERSION = 5.0;
				TARGETED_DEVICE_FAMILY = "1,2";
			};
			name = Debug;
		};
		BF27BDAF2ADF7988002A58D6 /* Release */ = {
			isa = XCBuildConfiguration;
			buildSettings = {
				CODE_SIGN_STYLE = Automatic;
				CURRENT_PROJECT_VERSION = 1;
				DEFINES_MODULE = YES;
				DEVELOPMENT_TEAM = 8GCH357V29;
				DYLIB_COMPATIBILITY_VERSION = 1;
				DYLIB_CURRENT_VERSION = 1;
				DYLIB_INSTALL_NAME_BASE = "@rpath";
				ENABLE_MODULE_VERIFIER = YES;
				GENERATE_INFOPLIST_FILE = YES;
				INFOPLIST_KEY_NSHumanReadableCopyright = "";
				INSTALL_PATH = "$(LOCAL_LIBRARY_DIR)/Frameworks";
				IPHONEOS_DEPLOYMENT_TARGET = 12.0;
				LD_RUNPATH_SEARCH_PATHS = (
					"$(inherited)",
					"@executable_path/Frameworks",
					"@loader_path/Frameworks",
				);
				MARKETING_VERSION = 1.0;
				MODULE_VERIFIER_SUPPORTED_LANGUAGES = "objective-c objective-c++";
				MODULE_VERIFIER_SUPPORTED_LANGUAGE_STANDARDS = "gnu17 gnu++20";
				PRODUCT_BUNDLE_IDENTIFIER = com.he.LYLib;
				PRODUCT_NAME = "$(TARGET_NAME:c99extidentifier)";
				SKIP_INSTALL = YES;
				SWIFT_EMIT_LOC_STRINGS = YES;
				SWIFT_VERSION = 5.0;
				TARGETED_DEVICE_FAMILY = "1,2";
			};
			name = Release;
		};
		BF27BDB12ADF7988002A58D6 /* Debug */ = {
			isa = XCBuildConfiguration;
			buildSettings = {
				ALWAYS_EMBED_SWIFT_STANDARD_LIBRARIES = YES;
				CODE_SIGN_STYLE = Automatic;
				CURRENT_PROJECT_VERSION = 1;
				DEVELOPMENT_TEAM = 8GCH357V29;
				GENERATE_INFOPLIST_FILE = YES;
				MARKETING_VERSION = 1.0;
				PRODUCT_BUNDLE_IDENTIFIER = com.he.LYLibTests;
				PRODUCT_NAME = "$(TARGET_NAME)";
				SWIFT_EMIT_LOC_STRINGS = NO;
				SWIFT_VERSION = 5.0;
				TARGETED_DEVICE_FAMILY = "1,2";
			};
			name = Debug;
		};
		BF27BDB22ADF7988002A58D6 /* Release */ = {
			isa = XCBuildConfiguration;
			buildSettings = {
				ALWAYS_EMBED_SWIFT_STANDARD_LIBRARIES = YES;
				CODE_SIGN_STYLE = Automatic;
				CURRENT_PROJECT_VERSION = 1;
				DEVELOPMENT_TEAM = 8GCH357V29;
				GENERATE_INFOPLIST_FILE = YES;
				MARKETING_VERSION = 1.0;
				PRODUCT_BUNDLE_IDENTIFIER = com.he.LYLibTests;
				PRODUCT_NAME = "$(TARGET_NAME)";
				SWIFT_EMIT_LOC_STRINGS = NO;
				SWIFT_VERSION = 5.0;
				TARGETED_DEVICE_FAMILY = "1,2";
			};
			name = Release;
		};
/* End XCBuildConfiguration section */

/* Begin XCConfigurationList section */
		BF27BD932ADF7988002A58D6 /* Build configuration list for PBXProject "LYLib" */ = {
			isa = XCConfigurationList;
			buildConfigurations = (
				BF27BDAB2ADF7988002A58D6 /* Debug */,
				BF27BDAC2ADF7988002A58D6 /* Release */,
			);
			defaultConfigurationIsVisible = 0;
			defaultConfigurationName = Release;
		};
		BF27BDAD2ADF7988002A58D6 /* Build configuration list for PBXNativeTarget "LYLib" */ = {
			isa = XCConfigurationList;
			buildConfigurations = (
				BF27BDAE2ADF7988002A58D6 /* Debug */,
				BF27BDAF2ADF7988002A58D6 /* Release */,
			);
			defaultConfigurationIsVisible = 0;
			defaultConfigurationName = Release;
		};
		BF27BDB02ADF7988002A58D6 /* Build configuration list for PBXNativeTarget "LYLibTests" */ = {
			isa = XCConfigurationList;
			buildConfigurations = (
				BF27BDB12ADF7988002A58D6 /* Debug */,
				BF27BDB22ADF7988002A58D6 /* Release */,
			);
			defaultConfigurationIsVisible = 0;
			defaultConfigurationName = Release;
		};
/* End XCConfigurationList section */
	};
	rootObject = BF27BD902ADF7988002A58D6 /* Project object */;
}
